
Microsoft Visual Studio Solution File, Format Version 12.00
# Visual Studio Version 16
VisualStudioVersion = 16.0.30011.22
MinimumVisualStudioVersion = 10.0.40219.1
Project("{FAE04EC0-301F-11D3-BF4B-00C04F79EFBC}") = "ScoreManager", "ScoreManager.csproj", "{21BC9680-79F3-437B-8D80-D460307A6FA3}"
EndProject
Project("{9A19103F-16F7-4668-BE54-9A1E7A4F7556}") = "ScoreManager.Data", "..\ScoreManager.Data\ScoreManager.Data.csproj", "{A37086D2-BC48-438D-AFD8-8CAFF2494413}"
EndProject
Project("{FAE04EC0-301F-11D3-BF4B-00C04F79EFBC}") = "ScoreManager.Controllers", "..\ScoreLibrary.Controllers\ScoreManager.Controllers.csproj", "{683003D9-9FA0-4693-93CE-9C8E47EE9567}"
EndProject
Project("{FAE04EC0-301F-11D3-BF4B-00C04F79EFBC}") = "ScoreManager.Models", "..\ScoreManager.Models\ScoreManager.Models.csproj", "{ED197BA9-47A3-492B-8D86-A70D7F122717}"
EndProject
Project("{FAE04EC0-301F-11D3-BF4B-00C04F79EFBC}") = "ScoreManager.View", "..\ScoreManager.View\ScoreManager.View.csproj", "{95182BCF-C12E-407C-B0F4-27002CEDD337}"
EndProject
Global
	GlobalSection(SolutionConfigurationPlatforms) = preSolution
		Debug|Any CPU = Debug|Any CPU
		Release|Any CPU = Release|Any CPU
	EndGlobalSection
	GlobalSection(ProjectConfigurationPlatforms) = postSolution
		{21BC9680-79F3-437B-8D80-D460307A6FA3}.Debug|Any CPU.ActiveCfg = Debug|Any CPU
		{21BC9680-79F3-437B-8D80-D460307A6FA3}.Debug|Any CPU.Build.0 = Debug|Any CPU
		{21BC9680-79F3-437B-8D80-D460307A6FA3}.Release|Any CPU.ActiveCfg = Release|Any CPU
		{21BC9680-79F3-437B-8D80-D460307A6FA3}.Release|Any CPU.Build.0 = Release|Any CPU
		{A37086D2-BC48-438D-AFD8-8CAFF2494413}.Debug|Any CPU.ActiveCfg = Debug|Any CPU
		{A37086D2-BC48-438D-AFD8-8CAFF2494413}.Debug|Any CPU.Build.0 = Debug|Any CPU
		{A37086D2-BC48-438D-AFD8-8CAFF2494413}.Release|Any CPU.ActiveCfg = Release|Any CPU
		{A37086D2-BC48-438D-AFD8-8CAFF2494413}.Release|Any CPU.Build.0 = Release|Any CPU
		{683003D9-9FA0-4693-93CE-9C8E47EE9567}.Debug|Any CPU.ActiveCfg = Debug|Any CPU
		{683003D9-9FA0-4693-93CE-9C8E47EE9567}.Debug|Any CPU.Build.0 = Debug|Any CPU
		{683003D9-9FA0-4693-93CE-9C8E47EE9567}.Release|Any CPU.ActiveCfg = Release|Any CPU
		{683003D9-9FA0-4693-93CE-9C8E47EE9567}.Release|Any CPU.Build.0 = Release|Any CPU
		{ED197BA9-47A3-492B-8D86-A70D7F122717}.Debug|Any CPU.ActiveCfg = Debug|Any CPU
		{ED197BA9-47A3-492B-8D86-A70D7F122717}.Debug|Any CPU.Build.0 = Debug|Any CPU
		{ED197BA9-47A3-492B-8D86-A70D7F122717}.Release|Any CPU.ActiveCfg = Release|Any CPU
		{ED197BA9-47A3-492B-8D86-A70D7F122717}.Release|Any CPU.Build.0 = Release|Any CPU
		{95182BCF-C12E-407C-B0F4-27002CEDD337}.Debug|Any CPU.ActiveCfg = Debug|Any CPU
		{95182BCF-C12E-407C-B0F4-27002CEDD337}.Debug|Any CPU.Build.0 = Debug|Any CPU
		{95182BCF-C12E-407C-B0F4-27002CEDD337}.Release|Any CPU.ActiveCfg = Release|Any CPU
		{95182BCF-C12E-407C-B0F4-27002CEDD337}.Release|Any CPU.Build.0 = Release|Any CPU
	EndGlobalSection
	GlobalSection(SolutionProperties) = preSolution
		HideSolutionNode = FALSE
	EndGlobalSection
	GlobalSection(ExtensibilityGlobals) = postSolution
		SolutionGuid = {A92E8F9B-3F5C-4CCB-A40B-CF48CDC19EA0}
	EndGlobalSection
EndGlobal
