
Microsoft Visual Studio Solution File, Format Version 12.00
# Visual Studio Version 16
VisualStudioVersion = 16.0.30011.22
MinimumVisualStudioVersion = 10.0.40219.1
Project("{FAE04EC0-301F-11D3-BF4B-00C04F79EFBC}") = "FlooringOrderingSystem.BLL", "FlooringOrderingSystem.BLL.csproj", "{EEC28A52-898A-4E34-911D-0253658695F7}"
EndProject
Project("{FAE04EC0-301F-11D3-BF4B-00C04F79EFBC}") = "FlooringOrderingSystem.Data", "..\FlooringOrderingSystem.Data\FlooringOrderingSystem.Data.csproj", "{83EADD7A-48A2-4C41-B21D-47CB30B21D52}"
EndProject
Project("{FAE04EC0-301F-11D3-BF4B-00C04F79EFBC}") = "FlooringOrderingSystem.Models", "..\FlooringOrderingSystem.Models\FlooringOrderingSystem.Models.csproj", "{3457D06D-A35E-415F-B121-50AAA2610038}"
EndProject
Project("{FAE04EC0-301F-11D3-BF4B-00C04F79EFBC}") = "FlooringOrderingSystem.UI", "..\FlooringOrderingSystem.UI\FlooringOrderingSystem.UI.csproj", "{46E24F4F-D74D-4886-8CBE-72769E2EDFBF}"
EndProject
Project("{FAE04EC0-301F-11D3-BF4B-00C04F79EFBC}") = "FlooringSystemUnitTests1", "..\FlooringSystemUnitTests1\FlooringSystemUnitTests1.csproj", "{75AC0DAE-9C28-4B60-BA50-E71DB3B62D05}"
EndProject
Global
	GlobalSection(SolutionConfigurationPlatforms) = preSolution
		Debug|Any CPU = Debug|Any CPU
		Release|Any CPU = Release|Any CPU
	EndGlobalSection
	GlobalSection(ProjectConfigurationPlatforms) = postSolution
		{EEC28A52-898A-4E34-911D-0253658695F7}.Debug|Any CPU.ActiveCfg = Debug|Any CPU
		{EEC28A52-898A-4E34-911D-0253658695F7}.Debug|Any CPU.Build.0 = Debug|Any CPU
		{EEC28A52-898A-4E34-911D-0253658695F7}.Release|Any CPU.ActiveCfg = Release|Any CPU
		{EEC28A52-898A-4E34-911D-0253658695F7}.Release|Any CPU.Build.0 = Release|Any CPU
		{83EADD7A-48A2-4C41-B21D-47CB30B21D52}.Debug|Any CPU.ActiveCfg = Debug|Any CPU
		{83EADD7A-48A2-4C41-B21D-47CB30B21D52}.Debug|Any CPU.Build.0 = Debug|Any CPU
		{83EADD7A-48A2-4C41-B21D-47CB30B21D52}.Release|Any CPU.ActiveCfg = Release|Any CPU
		{83EADD7A-48A2-4C41-B21D-47CB30B21D52}.Release|Any CPU.Build.0 = Release|Any CPU
		{3457D06D-A35E-415F-B121-50AAA2610038}.Debug|Any CPU.ActiveCfg = Debug|Any CPU
		{3457D06D-A35E-415F-B121-50AAA2610038}.Debug|Any CPU.Build.0 = Debug|Any CPU
		{3457D06D-A35E-415F-B121-50AAA2610038}.Release|Any CPU.ActiveCfg = Release|Any CPU
		{3457D06D-A35E-415F-B121-50AAA2610038}.Release|Any CPU.Build.0 = Release|Any CPU
		{46E24F4F-D74D-4886-8CBE-72769E2EDFBF}.Debug|Any CPU.ActiveCfg = Debug|Any CPU
		{46E24F4F-D74D-4886-8CBE-72769E2EDFBF}.Debug|Any CPU.Build.0 = Debug|Any CPU
		{46E24F4F-D74D-4886-8CBE-72769E2EDFBF}.Release|Any CPU.ActiveCfg = Release|Any CPU
		{46E24F4F-D74D-4886-8CBE-72769E2EDFBF}.Release|Any CPU.Build.0 = Release|Any CPU
		{75AC0DAE-9C28-4B60-BA50-E71DB3B62D05}.Debug|Any CPU.ActiveCfg = Debug|Any CPU
		{75AC0DAE-9C28-4B60-BA50-E71DB3B62D05}.Debug|Any CPU.Build.0 = Debug|Any CPU
		{75AC0DAE-9C28-4B60-BA50-E71DB3B62D05}.Release|Any CPU.ActiveCfg = Release|Any CPU
		{75AC0DAE-9C28-4B60-BA50-E71DB3B62D05}.Release|Any CPU.Build.0 = Release|Any CPU
	EndGlobalSection
	GlobalSection(SolutionProperties) = preSolution
		HideSolutionNode = FALSE
	EndGlobalSection
	GlobalSection(ExtensibilityGlobals) = postSolution
		SolutionGuid = {7F4ECD84-A27D-4453-9CFC-2C19BEF75E48}
	EndGlobalSection
EndGlobal
